{
  "name": "backend",
  "lockfileVersion": 3,
  "requires": true,
  "packages": {
    "": {
      "dependencies": {
        "react-onesignal": "^3.5.1"
      }
    },
    "node_modules/react-onesignal": {
      "version": "3.5.1",
      "resolved": "https://registry.npmjs.org/react-onesignal/-/react-onesignal-3.5.1.tgz",
      "integrity": "sha512-Pd3V/4yOfaD20o2aglJ+ernr9VO7FKNs20LJCmT81pkpkYNn+eCAAdLgLcaGocElLmM8sc9GiM2CCh2FzgYuaw==",
      "license": "MIT",
      "engines": {
        "node": ">=14",
        "npm": ">=6"
      }
    }
  }
}
